{
  "name": "yc-serverless-graphql-subscriptions",
  "version": "1.0.0",
  "lockfileVersion": 2,
  "requires": true,
  "packages": {
    "": {
      "name": "yc-serverless-graphql-subscriptions",
      "version": "1.0.0",
      "license": "ISC",
      "dependencies": {
        "@yandex-cloud/function-types": "2.1.0"
      }
    },
    "node_modules/@yandex-cloud/function-types": {
      "version": "2.1.0",
      "resolved": "https://registry.npmjs.org/@yandex-cloud/function-types/-/function-types-2.1.0.tgz",
      "integrity": "sha512-UQBVvXasGOFcW7jX84AoOw4jPDYKKrEte2msfGuAPl/ZGqc+jClEqjA0Jx/fb6TXKTAgEObGPKtnT297/Q2l0A=="
    }
  },
  "dependencies": {
    "@yandex-cloud/function-types": {
      "version": "2.1.0",
      "resolved": "https://registry.npmjs.org/@yandex-cloud/function-types/-/function-types-2.1.0.tgz",
      "integrity": "sha512-UQBVvXasGOFcW7jX84AoOw4jPDYKKrEte2msfGuAPl/ZGqc+jClEqjA0Jx/fb6TXKTAgEObGPKtnT297/Q2l0A=="
    }
  }
}
